
Microsoft Visual Studio Solution File, Format Version 12.00
Project("{FAE04EC0-301F-11D3-BF4B-00C04F79EFBC}") = "SetSpeedShortcuts", "SetSpeedShortcuts\SetSpeedShortcuts.csproj", "{BCDB4534-6EC0-40E2-91B1-4A0851BD0D64}"
EndProject
Global
	GlobalSection(SolutionConfigurationPlatforms) = preSolution
		Debug|Any CPU = Debug|Any CPU
		Release|Any CPU = Release|Any CPU
	EndGlobalSection
	GlobalSection(ProjectConfigurationPlatforms) = postSolution
		{BCDB4534-6EC0-40E2-91B1-4A0851BD0D64}.Debug|Any CPU.ActiveCfg = Debug|Any CPU
		{BCDB4534-6EC0-40E2-91B1-4A0851BD0D64}.Debug|Any CPU.Build.0 = Debug|Any CPU
		{BCDB4534-6EC0-40E2-91B1-4A0851BD0D64}.Release|Any CPU.ActiveCfg = Release|Any CPU
		{BCDB4534-6EC0-40E2-91B1-4A0851BD0D64}.Release|Any CPU.Build.0 = Release|Any CPU
	EndGlobalSection
EndGlobal
